// !$*UTF8*$!
{
	archiveVersion = 1;
	classes = {
	};
	objectVersion = 46;
	objects = {

/* Begin PBXBuildFile section */
		D95091CF1EE312A800D76B90 /* stack.cpp in Sources */ = {isa = PBXBuildFile; fileRef = D95091CE1EE312A800D76B90 /* stack.cpp */; };
		D9D187B71ED83B5F00CD7BA6 /* main.cpp in Sources */ = {isa = PBXBuildFile; fileRef = D9D187B61ED83B5F00CD7BA6 /* main.cpp */; };
		D9D187C41EDB296800CD7BA6 /* stock10.cpp in Sources */ = {isa = PBXBuildFile; fileRef = D9D187C31EDB296800CD7BA6 /* stock10.cpp */; };
/* End PBXBuildFile section */

/* Begin PBXCopyFilesBuildPhase section */
		D9D187B11ED83B5F00CD7BA6 /* CopyFiles */ = {
			isa = PBXCopyFilesBuildPhase;
			buildActionMask = 2147483647;
			dstPath = /usr/share/man/man1/;
			dstSubfolderSpec = 0;
			files = (
			);
			runOnlyForDeploymentPostprocessing = 1;
		};
/* End PBXCopyFilesBuildPhase section */

/* Begin PBXFileReference section */
		D95091CD1EE30EED00D76B90 /* stack.h */ = {isa = PBXFileReference; lastKnownFileType = sourcecode.c.h; path = stack.h; sourceTree = "<group>"; };
		D95091CE1EE312A800D76B90 /* stack.cpp */ = {isa = PBXFileReference; fileEncoding = 4; lastKnownFileType = sourcecode.cpp.cpp; path = stack.cpp; sourceTree = "<group>"; };
		D9D187B31ED83B5F00CD7BA6 /* C++PrimerPlusC10 */ = {isa = PBXFileReference; explicitFileType = "compiled.mach-o.executable"; includeInIndex = 0; path = "C++PrimerPlusC10"; sourceTree = BUILT_PRODUCTS_DIR; };
		D9D187B61ED83B5F00CD7BA6 /* main.cpp */ = {isa = PBXFileReference; lastKnownFileType = sourcecode.cpp.cpp; path = main.cpp; sourceTree = "<group>"; };
		D9D187C21EDB294000CD7BA6 /* stock10.h */ = {isa = PBXFileReference; fileEncoding = 4; lastKnownFileType = sourcecode.c.h; path = stock10.h; sourceTree = "<group>"; };
		D9D187C31EDB296800CD7BA6 /* stock10.cpp */ = {isa = PBXFileReference; fileEncoding = 4; lastKnownFileType = sourcecode.cpp.cpp; path = stock10.cpp; sourceTree = "<group>"; };
/* End PBXFileReference section */

/* Begin PBXFrameworksBuildPhase section */
		D9D187B01ED83B5F00CD7BA6 /* Frameworks */ = {
			isa = PBXFrameworksBuildPhase;
			buildActionMask = 2147483647;
			files = (
			);
			runOnlyForDeploymentPostprocessing = 0;
		};
/* End PBXFrameworksBuildPhase section */

/* Begin PBXGroup section */
		D9D187AA1ED83B5F00CD7BA6 = {
			isa = PBXGroup;
			children = (
				D9D187B51ED83B5F00CD7BA6 /* C++PrimerPlusC10 */,
				D9D187B41ED83B5F00CD7BA6 /* Products */,
			);
			sourceTree = "<group>";
		};
		D9D187B41ED83B5F00CD7BA6 /* Products */ = {
			isa = PBXGroup;
			children = (
				D9D187B31ED83B5F00CD7BA6 /* C++PrimerPlusC10 */,
			);
			name = Products;
			sourceTree = "<group>";
		};
		D9D187B51ED83B5F00CD7BA6 /* C++PrimerPlusC10 */ = {
			isa = PBXGroup;
			children = (
				D9D187C21EDB294000CD7BA6 /* stock10.h */,
				D9D187B61ED83B5F00CD7BA6 /* main.cpp */,
				D9D187C31EDB296800CD7BA6 /* stock10.cpp */,
				D95091CD1EE30EED00D76B90 /* stack.h */,
				D95091CE1EE312A800D76B90 /* stack.cpp */,
			);
			path = "C++PrimerPlusC10";
			sourceTree = "<group>";
		};
/* End PBXGroup section */

/* Begin PBXNativeTarget section */
		D9D187B21ED83B5F00CD7BA6 /* C++PrimerPlusC10 */ = {
			isa = PBXNativeTarget;
			buildConfigurationList = D9D187BA1ED83B5F00CD7BA6 /* Build configuration list for PBXNativeTarget "C++PrimerPlusC10" */;
			buildPhases = (
				D9D187AF1ED83B5F00CD7BA6 /* Sources */,
				D9D187B01ED83B5F00CD7BA6 /* Frameworks */,
				D9D187B11ED83B5F00CD7BA6 /* CopyFiles */,
			);
			buildRules = (
			);
			dependencies = (
			);
			name = "C++PrimerPlusC10";
			productName = "C++PrimerPlusC10";
			productReference = D9D187B31ED83B5F00CD7BA6 /* C++PrimerPlusC10 */;
			productType = "com.apple.product-type.tool";
		};
/* End PBXNativeTarget section */

/* Begin PBXProject section */
		D9D187AB1ED83B5F00CD7BA6 /* Project object */ = {
			isa = PBXProject;
			attributes = {
				LastUpgradeCheck = 0830;
				ORGANIZATIONNAME = HN;
				TargetAttributes = {
					D9D187B21ED83B5F00CD7BA6 = {
						CreatedOnToolsVersion = 8.3.2;
						DevelopmentTeam = LXN9FC3E9Q;
						ProvisioningStyle = Automatic;
					};
				};
			};
			buildConfigurationList = D9D187AE1ED83B5F00CD7BA6 /* Build configuration list for PBXProject "C++PrimerPlusC10" */;
			compatibilityVersion = "Xcode 3.2";
			developmentRegion = English;
			hasScannedForEncodings = 0;
			knownRegions = (
				en,
			);
			mainGroup = D9D187AA1ED83B5F00CD7BA6;
			productRefGroup = D9D187B41ED83B5F00CD7BA6 /* Products */;
			projectDirPath = "";
			projectRoot = "";
			targets = (
				D9D187B21ED83B5F00CD7BA6 /* C++PrimerPlusC10 */,
			);
		};
/* End PBXProject section */

/* Begin PBXSourcesBuildPhase section */
		D9D187AF1ED83B5F00CD7BA6 /* Sources */ = {
			isa = PBXSourcesBuildPhase;
			buildActionMask = 2147483647;
			files = (
				D9D187B71ED83B5F00CD7BA6 /* main.cpp in Sources */,
				D95091CF1EE312A800D76B90 /* stack.cpp in Sources */,
				D9D187C41EDB296800CD7BA6 /* stock10.cpp in Sources */,
			);
			runOnlyForDeploymentPostprocessing = 0;
		};
/* End PBXSourcesBuildPhase section */

/* Begin XCBuildConfiguration section */
		D9D187B81ED83B5F00CD7BA6 /* Debug */ = {
			isa = XCBuildConfiguration;
			buildSettings = {
				ALWAYS_SEARCH_USER_PATHS = NO;
				CLANG_ANALYZER_NONNULL = YES;
				CLANG_ANALYZER_NUMBER_OBJECT_CONVERSION = YES_AGGRESSIVE;
				CLANG_CXX_LANGUAGE_STANDARD = "gnu++0x";
				CLANG_CXX_LIBRARY = "libc++";
				CLANG_ENABLE_MODULES = YES;
				CLANG_ENABLE_OBJC_ARC = YES;
				CLANG_WARN_BOOL_CONVERSION = YES;
				CLANG_WARN_CONSTANT_CONVERSION = YES;
				CLANG_WARN_DIRECT_OBJC_ISA_USAGE = YES_ERROR;
				CLANG_WARN_DOCUMENTATION_COMMENTS = YES;
				CLANG_WARN_EMPTY_BODY = YES;
				CLANG_WARN_ENUM_CONVERSION = YES;
				CLANG_WARN_INFINITE_RECURSION = YES;
				CLANG_WARN_INT_CONVERSION = YES;
				CLANG_WARN_OBJC_ROOT_CLASS = YES_ERROR;
				CLANG_WARN_SUSPICIOUS_MOVE = YES;
				CLANG_WARN_UNREACHABLE_CODE = YES;
				CLANG_WARN__DUPLICATE_METHOD_MATCH = YES;
				CODE_SIGN_IDENTITY = "-";
				COPY_PHASE_STRIP = NO;
				DEBUG_INFORMATION_FORMAT = dwarf;
				ENABLE_STRICT_OBJC_MSGSEND = YES;
				ENABLE_TESTABILITY = YES;
				GCC_C_LANGUAGE_STANDARD = gnu99;
				GCC_DYNAMIC_NO_PIC = NO;
				GCC_NO_COMMON_BLOCKS = YES;
				GCC_OPTIMIZATION_LEVEL = 0;
				GCC_PREPROCESSOR_DEFINITIONS = (
					"DEBUG=1",
					"$(inherited)",
				);
				GCC_WARN_64_TO_32_BIT_CONVERSION = YES;
				GCC_WARN_ABOUT_RETURN_TYPE = YES_ERROR;
				GCC_WARN_UNDECLARED_SELECTOR = YES;
				GCC_WARN_UNINITIALIZED_AUTOS = YES_AGGRESSIVE;
				GCC_WARN_UNUSED_FUNCTION = YES;
				GCC_WARN_UNUSED_VARIABLE = YES;
				MACOSX_DEPLOYMENT_TARGET = 10.12;
				MTL_ENABLE_DEBUG_INFO = YES;
				ONLY_ACTIVE_ARCH = YES;
				SDKROOT = macosx;
			};
			name = Debug;
		};
		D9D187B91ED83B5F00CD7BA6 /* Release */ = {
			isa = XCBuildConfiguration;
			buildSettings = {
				ALWAYS_SEARCH_USER_PATHS = NO;
				CLANG_ANALYZER_NONNULL = YES;
				CLANG_ANALYZER_NUMBER_OBJECT_CONVERSION = YES_AGGRESSIVE;
				CLANG_CXX_LANGUAGE_STANDARD = "gnu++0x";
				CLANG_CXX_LIBRARY = "libc++";
				CLANG_ENABLE_MODULES = YES;
				CLANG_ENABLE_OBJC_ARC = YES;
				CLANG_WARN_BOOL_CONVERSION = YES;
				CLANG_WARN_CONSTANT_CONVERSION = YES;
				CLANG_WARN_DIRECT_OBJC_ISA_USAGE = YES_ERROR;
				CLANG_WARN_DOCUMENTATION_COMMENTS = YES;
				CLANG_WARN_EMPTY_BODY = YES;
				CLANG_WARN_ENUM_CONVERSION = YES;
				CLANG_WARN_INFINITE_RECURSION = YES;
				CLANG_WARN_INT_CONVERSION = YES;
				CLANG_WARN_OBJC_ROOT_CLASS = YES_ERROR;
				CLANG_WARN_SUSPICIOUS_MOVE = YES;
				CLANG_WARN_UNREACHABLE_CODE = YES;
				CLANG_WARN__DUPLICATE_METHOD_MATCH = YES;
				CODE_SIGN_IDENTITY = "-";
				COPY_PHASE_STRIP = NO;
				DEBUG_INFORMATION_FORMAT = "dwarf-with-dsym";
				ENABLE_NS_ASSERTIONS = NO;
				ENABLE_STRICT_OBJC_MSGSEND = YES;
				GCC_C_LANGUAGE_STANDARD = gnu99;
				GCC_NO_COMMON_BLOCKS = YES;
				GCC_WARN_64_TO_32_BIT_CONVERSION = YES;
				GCC_WARN_ABOUT_RETURN_TYPE = YES_ERROR;
				GCC_WARN_UNDECLARED_SELECTOR = YES;
				GCC_WARN_UNINITIALIZED_AUTOS = YES_AGGRESSIVE;
				GCC_WARN_UNUSED_FUNCTION = YES;
				GCC_WARN_UNUSED_VARIABLE = YES;
				MACOSX_DEPLOYMENT_TARGET = 10.12;
				MTL_ENABLE_DEBUG_INFO = NO;
				SDKROOT = macosx;
			};
			name = Release;
		};
		D9D187BB1ED83B5F00CD7BA6 /* Debug */ = {
			isa = XCBuildConfiguration;
			buildSettings = {
				DEVELOPMENT_TEAM = LXN9FC3E9Q;
				PRODUCT_NAME = "$(TARGET_NAME)";
			};
			name = Debug;
		};
		D9D187BC1ED83B5F00CD7BA6 /* Release */ = {
			isa = XCBuildConfiguration;
			buildSettings = {
				DEVELOPMENT_TEAM = LXN9FC3E9Q;
				PRODUCT_NAME = "$(TARGET_NAME)";
			};
			name = Release;
		};
/* End XCBuildConfiguration section */

/* Begin XCConfigurationList section */
		D9D187AE1ED83B5F00CD7BA6 /* Build configuration list for PBXProject "C++PrimerPlusC10" */ = {
			isa = XCConfigurationList;
			buildConfigurations = (
				D9D187B81ED83B5F00CD7BA6 /* Debug */,
				D9D187B91ED83B5F00CD7BA6 /* Release */,
			);
			defaultConfigurationIsVisible = 0;
			defaultConfigurationName = Release;
		};
		D9D187BA1ED83B5F00CD7BA6 /* Build configuration list for PBXNativeTarget "C++PrimerPlusC10" */ = {
			isa = XCConfigurationList;
			buildConfigurations = (
				D9D187BB1ED83B5F00CD7BA6 /* Debug */,
				D9D187BC1ED83B5F00CD7BA6 /* Release */,
			);
			defaultConfigurationIsVisible = 0;
			defaultConfigurationName = Release;
		};
/* End XCConfigurationList section */
	};
	rootObject = D9D187AB1ED83B5F00CD7BA6 /* Project object */;
}
